
Microsoft Visual Studio Solution File, Format Version 12.00
# Visual Studio Version 16
VisualStudioVersion = 16.0.31205.134
MinimumVisualStudioVersion = 10.0.40219.1
Project("{FAE04EC0-301F-11D3-BF4B-00C04F79EFBC}") = "ASPNETWebAPIDemo", "ASPNETWebAPIDemo\ASPNETWebAPIDemo.csproj", "{84366F5D-40E6-44A9-99F9-33009B50F5EF}"
EndProject
Global
	GlobalSection(SolutionConfigurationPlatforms) = preSolution
		Debug|Any CPU = Debug|Any CPU
		Release|Any CPU = Release|Any CPU
	EndGlobalSection
	GlobalSection(ProjectConfigurationPlatforms) = postSolution
		{84366F5D-40E6-44A9-99F9-33009B50F5EF}.Debug|Any CPU.ActiveCfg = Debug|Any CPU
		{84366F5D-40E6-44A9-99F9-33009B50F5EF}.Debug|Any CPU.Build.0 = Debug|Any CPU
		{84366F5D-40E6-44A9-99F9-33009B50F5EF}.Release|Any CPU.ActiveCfg = Release|Any CPU
		{84366F5D-40E6-44A9-99F9-33009B50F5EF}.Release|Any CPU.Build.0 = Release|Any CPU
	EndGlobalSection
	GlobalSection(SolutionProperties) = preSolution
		HideSolutionNode = FALSE
	EndGlobalSection
	GlobalSection(ExtensibilityGlobals) = postSolution
		SolutionGuid = {19A70488-BDE0-49A9-B2BF-BD7BE136E470}
	EndGlobalSection
EndGlobal
